
Microsoft Visual Studio Solution File, Format Version 11.00
# Visual Studio 2010
Project("{FAE04EC0-301F-11D3-BF4B-00C04F79EFBC}") = "Assembly-CSharp", "Assembly-CSharp.csproj", "{310de49b-1a62-4c60-f7ce-63e5b8397e7c}"
EndProject
Project("{FAE04EC0-301F-11D3-BF4B-00C04F79EFBC}") = "Assembly-CSharp-Editor-firstpass", "Assembly-CSharp-Editor-firstpass.csproj", "{799249e2-6a31-8ba1-0666-f5f6083de3ca}"
EndProject
Global
	GlobalSection(SolutionConfigurationPlatforms) = preSolution
		Debug|Any CPU = Debug|Any CPU
	EndGlobalSection
	GlobalSection(ProjectConfigurationPlatforms) = postSolution
		{310de49b-1a62-4c60-f7ce-63e5b8397e7c}.Debug|Any CPU.ActiveCfg = Debug|Any CPU
		{310de49b-1a62-4c60-f7ce-63e5b8397e7c}.Debug|Any CPU.Build.0 = Debug|Any CPU
		{799249e2-6a31-8ba1-0666-f5f6083de3ca}.Debug|Any CPU.ActiveCfg = Debug|Any CPU
		{799249e2-6a31-8ba1-0666-f5f6083de3ca}.Debug|Any CPU.Build.0 = Debug|Any CPU
	EndGlobalSection
	GlobalSection(SolutionProperties) = preSolution
		HideSolutionNode = FALSE
	EndGlobalSection
EndGlobal
